
Microsoft Visual Studio Solution File, Format Version 12.00
# Visual Studio 2013
VisualStudioVersion = 12.0.21005.1
MinimumVisualStudioVersion = 10.0.40219.1
Project("{FAE04EC0-301F-11D3-BF4B-00C04F79EFBC}") = "WorchoGSTBilling", "WorchoGSTBilling\WorchoGSTBilling.csproj", "{9374BD57-5837-48AD-9FD2-73F549700F3C}"
EndProject
Project("{FAE04EC0-301F-11D3-BF4B-00C04F79EFBC}") = "GST.ProductManagement.BL", "GST.ProductManagement with sales Invoice\GST.ProductManagement.BL\GST.ProductManagement.BL.csproj", "{75A3C774-232D-47E0-8D06-47EA0CA61F15}"
EndProject
Project("{FAE04EC0-301F-11D3-BF4B-00C04F79EFBC}") = "GST.ProductManagement.DAL", "GST.ProductManagement with sales Invoice\GST.ProductManagement.DAL\GST.ProductManagement.DAL.csproj", "{822923EE-34D3-4A44-8F76-BC25F396384A}"
EndProject
Project("{FAE04EC0-301F-11D3-BF4B-00C04F79EFBC}") = "GST.ProductManagement.UI", "GST.ProductManagement with sales Invoice\GST.ProductManagement.UI\GST.ProductManagement.UI.csproj", "{4FBF3749-6EFB-4639-B0D7-B8564C0CACF2}"
EndProject
Global
	GlobalSection(SolutionConfigurationPlatforms) = preSolution
		Debug|Any CPU = Debug|Any CPU
		Release|Any CPU = Release|Any CPU
	EndGlobalSection
	GlobalSection(ProjectConfigurationPlatforms) = postSolution
		{9374BD57-5837-48AD-9FD2-73F549700F3C}.Debug|Any CPU.ActiveCfg = Debug|Any CPU
		{9374BD57-5837-48AD-9FD2-73F549700F3C}.Debug|Any CPU.Build.0 = Debug|Any CPU
		{9374BD57-5837-48AD-9FD2-73F549700F3C}.Release|Any CPU.ActiveCfg = Release|Any CPU
		{9374BD57-5837-48AD-9FD2-73F549700F3C}.Release|Any CPU.Build.0 = Release|Any CPU
		{75A3C774-232D-47E0-8D06-47EA0CA61F15}.Debug|Any CPU.ActiveCfg = Debug|Any CPU
		{75A3C774-232D-47E0-8D06-47EA0CA61F15}.Debug|Any CPU.Build.0 = Debug|Any CPU
		{75A3C774-232D-47E0-8D06-47EA0CA61F15}.Release|Any CPU.ActiveCfg = Release|Any CPU
		{75A3C774-232D-47E0-8D06-47EA0CA61F15}.Release|Any CPU.Build.0 = Release|Any CPU
		{822923EE-34D3-4A44-8F76-BC25F396384A}.Debug|Any CPU.ActiveCfg = Debug|Any CPU
		{822923EE-34D3-4A44-8F76-BC25F396384A}.Debug|Any CPU.Build.0 = Debug|Any CPU
		{822923EE-34D3-4A44-8F76-BC25F396384A}.Release|Any CPU.ActiveCfg = Release|Any CPU
		{822923EE-34D3-4A44-8F76-BC25F396384A}.Release|Any CPU.Build.0 = Release|Any CPU
		{4FBF3749-6EFB-4639-B0D7-B8564C0CACF2}.Debug|Any CPU.ActiveCfg = Debug|Any CPU
		{4FBF3749-6EFB-4639-B0D7-B8564C0CACF2}.Debug|Any CPU.Build.0 = Debug|Any CPU
		{4FBF3749-6EFB-4639-B0D7-B8564C0CACF2}.Release|Any CPU.ActiveCfg = Release|Any CPU
		{4FBF3749-6EFB-4639-B0D7-B8564C0CACF2}.Release|Any CPU.Build.0 = Release|Any CPU
	EndGlobalSection
	GlobalSection(SolutionProperties) = preSolution
		HideSolutionNode = FALSE
	EndGlobalSection
EndGlobal
